
Microsoft Visual Studio Solution File, Format Version 12.00
# Visual Studio 14
VisualStudioVersion = 14.0.23107.0
MinimumVisualStudioVersion = 10.0.40219.1
Project("{FAE04EC0-301F-11D3-BF4B-00C04F79EFBC}") = "01.OddOrEvenIntegers", "01.OddOrEvenIntegers\01.OddOrEvenIntegers.csproj", "{BF2C89B4-CB64-4433-B64C-E0881CE956D5}"
EndProject
Project("{FAE04EC0-301F-11D3-BF4B-00C04F79EFBC}") = "02.MoonGravitation", "02.MoonGravitation\02.MoonGravitation.csproj", "{668D2871-28F9-46C6-B3DD-A8EC29940148}"
EndProject
Project("{FAE04EC0-301F-11D3-BF4B-00C04F79EFBC}") = "03.DivideBy7and5", "03.DivideBy7and5\03.DivideBy7and5.csproj", "{86FE075F-F7D1-4156-8A04-3639A19BA13F}"
EndProject
Project("{FAE04EC0-301F-11D3-BF4B-00C04F79EFBC}") = "04.Rectangles", "04.Rectangles\04.Rectangles.csproj", "{DD153E22-2CA8-4AB1-A26C-D8D7AFA1CC4B}"
EndProject
Project("{FAE04EC0-301F-11D3-BF4B-00C04F79EFBC}") = "05.ThirdDigitIs7", "05.ThirdDigitIs7\05.ThirdDigitIs7.csproj", "{EA2FE26B-55B3-4E83-A667-9A29604F51BC}"
EndProject
Project("{FAE04EC0-301F-11D3-BF4B-00C04F79EFBC}") = "06.Four-DigitNumber", "06.Four-DigitNumber\06.Four-DigitNumber.csproj", "{56D999B8-D388-45C4-8DAD-6E8B22068315}"
EndProject
Project("{FAE04EC0-301F-11D3-BF4B-00C04F79EFBC}") = "07.PointInCircle", "07.PointInCircle\07.PointInCircle.csproj", "{933A3C9C-A62D-4840-ADAC-AB355C3B7394}"
EndProject
Project("{FAE04EC0-301F-11D3-BF4B-00C04F79EFBC}") = "08.PrimeNumberCheck", "08.PrimeNumberCheck\08.PrimeNumberCheck.csproj", "{4B79E616-3756-4B17-B27C-231701092397}"
EndProject
Project("{FAE04EC0-301F-11D3-BF4B-00C04F79EFBC}") = "09.Trapezoids", "09.Trapezoids\09.Trapezoids.csproj", "{E845E577-28FC-465B-970B-4AB2CD441A31}"
EndProject
Project("{FAE04EC0-301F-11D3-BF4B-00C04F79EFBC}") = "10.InsideCircleOutsideRectangle", "10.InsideCircleOutsideRectangle\10.InsideCircleOutsideRectangle.csproj", "{9434FEE7-029E-4EC0-ABA3-4D804437538E}"
EndProject
Project("{FAE04EC0-301F-11D3-BF4B-00C04F79EFBC}") = "11.ExtractBit3", "11.ExtractBit3\11.ExtractBit3.csproj", "{8B6EFD6D-027E-492E-AABC-3B30BB6F146B}"
EndProject
Project("{FAE04EC0-301F-11D3-BF4B-00C04F79EFBC}") = "12.ExtractBitFromInteger", "12.ExtractBitFromInteger\12.ExtractBitFromInteger.csproj", "{03E6E9DB-8D02-4B7A-903B-287906E18349}"
EndProject
Project("{FAE04EC0-301F-11D3-BF4B-00C04F79EFBC}") = "13.CheckBitAtPosition", "13.CheckBitAtPosition\13.CheckBitAtPosition.csproj", "{B471CAFC-4725-4C44-A681-D98AF5EE81F2}"
EndProject
Project("{FAE04EC0-301F-11D3-BF4B-00C04F79EFBC}") = "14.ModifyBitAtPosition", "14.ModifyBitAtPosition\14.ModifyBitAtPosition.csproj", "{02E202B2-471E-4858-8C74-E846A46E60CF}"
EndProject
Project("{FAE04EC0-301F-11D3-BF4B-00C04F79EFBC}") = "15.BitExchange", "15.BitExchange\15.BitExchange.csproj", "{504FD950-FE65-4174-9D65-F606610DF58D}"
EndProject
Project("{FAE04EC0-301F-11D3-BF4B-00C04F79EFBC}") = "16.BitExchangeAdvanced", "16.BitExchangeAdvanced\16.BitExchangeAdvanced.csproj", "{48573DD3-D41F-4567-936A-E02BD8287438}"
EndProject
Global
	GlobalSection(SolutionConfigurationPlatforms) = preSolution
		Debug|Any CPU = Debug|Any CPU
		Release|Any CPU = Release|Any CPU
	EndGlobalSection
	GlobalSection(ProjectConfigurationPlatforms) = postSolution
		{BF2C89B4-CB64-4433-B64C-E0881CE956D5}.Debug|Any CPU.ActiveCfg = Debug|Any CPU
		{BF2C89B4-CB64-4433-B64C-E0881CE956D5}.Debug|Any CPU.Build.0 = Debug|Any CPU
		{BF2C89B4-CB64-4433-B64C-E0881CE956D5}.Release|Any CPU.ActiveCfg = Release|Any CPU
		{BF2C89B4-CB64-4433-B64C-E0881CE956D5}.Release|Any CPU.Build.0 = Release|Any CPU
		{668D2871-28F9-46C6-B3DD-A8EC29940148}.Debug|Any CPU.ActiveCfg = Debug|Any CPU
		{668D2871-28F9-46C6-B3DD-A8EC29940148}.Debug|Any CPU.Build.0 = Debug|Any CPU
		{668D2871-28F9-46C6-B3DD-A8EC29940148}.Release|Any CPU.ActiveCfg = Release|Any CPU
		{668D2871-28F9-46C6-B3DD-A8EC29940148}.Release|Any CPU.Build.0 = Release|Any CPU
		{86FE075F-F7D1-4156-8A04-3639A19BA13F}.Debug|Any CPU.ActiveCfg = Debug|Any CPU
		{86FE075F-F7D1-4156-8A04-3639A19BA13F}.Debug|Any CPU.Build.0 = Debug|Any CPU
		{86FE075F-F7D1-4156-8A04-3639A19BA13F}.Release|Any CPU.ActiveCfg = Release|Any CPU
		{86FE075F-F7D1-4156-8A04-3639A19BA13F}.Release|Any CPU.Build.0 = Release|Any CPU
		{DD153E22-2CA8-4AB1-A26C-D8D7AFA1CC4B}.Debug|Any CPU.ActiveCfg = Debug|Any CPU
		{DD153E22-2CA8-4AB1-A26C-D8D7AFA1CC4B}.Debug|Any CPU.Build.0 = Debug|Any CPU
		{DD153E22-2CA8-4AB1-A26C-D8D7AFA1CC4B}.Release|Any CPU.ActiveCfg = Release|Any CPU
		{DD153E22-2CA8-4AB1-A26C-D8D7AFA1CC4B}.Release|Any CPU.Build.0 = Release|Any CPU
		{EA2FE26B-55B3-4E83-A667-9A29604F51BC}.Debug|Any CPU.ActiveCfg = Debug|Any CPU
		{EA2FE26B-55B3-4E83-A667-9A29604F51BC}.Debug|Any CPU.Build.0 = Debug|Any CPU
		{EA2FE26B-55B3-4E83-A667-9A29604F51BC}.Release|Any CPU.ActiveCfg = Release|Any CPU
		{EA2FE26B-55B3-4E83-A667-9A29604F51BC}.Release|Any CPU.Build.0 = Release|Any CPU
		{56D999B8-D388-45C4-8DAD-6E8B22068315}.Debug|Any CPU.ActiveCfg = Debug|Any CPU
		{56D999B8-D388-45C4-8DAD-6E8B22068315}.Debug|Any CPU.Build.0 = Debug|Any CPU
		{56D999B8-D388-45C4-8DAD-6E8B22068315}.Release|Any CPU.ActiveCfg = Release|Any CPU
		{56D999B8-D388-45C4-8DAD-6E8B22068315}.Release|Any CPU.Build.0 = Release|Any CPU
		{933A3C9C-A62D-4840-ADAC-AB355C3B7394}.Debug|Any CPU.ActiveCfg = Debug|Any CPU
		{933A3C9C-A62D-4840-ADAC-AB355C3B7394}.Debug|Any CPU.Build.0 = Debug|Any CPU
		{933A3C9C-A62D-4840-ADAC-AB355C3B7394}.Release|Any CPU.ActiveCfg = Release|Any CPU
		{933A3C9C-A62D-4840-ADAC-AB355C3B7394}.Release|Any CPU.Build.0 = Release|Any CPU
		{4B79E616-3756-4B17-B27C-231701092397}.Debug|Any CPU.ActiveCfg = Debug|Any CPU
		{4B79E616-3756-4B17-B27C-231701092397}.Debug|Any CPU.Build.0 = Debug|Any CPU
		{4B79E616-3756-4B17-B27C-231701092397}.Release|Any CPU.ActiveCfg = Release|Any CPU
		{4B79E616-3756-4B17-B27C-231701092397}.Release|Any CPU.Build.0 = Release|Any CPU
		{E845E577-28FC-465B-970B-4AB2CD441A31}.Debug|Any CPU.ActiveCfg = Debug|Any CPU
		{E845E577-28FC-465B-970B-4AB2CD441A31}.Debug|Any CPU.Build.0 = Debug|Any CPU
		{E845E577-28FC-465B-970B-4AB2CD441A31}.Release|Any CPU.ActiveCfg = Release|Any CPU
		{E845E577-28FC-465B-970B-4AB2CD441A31}.Release|Any CPU.Build.0 = Release|Any CPU
		{9434FEE7-029E-4EC0-ABA3-4D804437538E}.Debug|Any CPU.ActiveCfg = Debug|Any CPU
		{9434FEE7-029E-4EC0-ABA3-4D804437538E}.Debug|Any CPU.Build.0 = Debug|Any CPU
		{9434FEE7-029E-4EC0-ABA3-4D804437538E}.Release|Any CPU.ActiveCfg = Release|Any CPU
		{9434FEE7-029E-4EC0-ABA3-4D804437538E}.Release|Any CPU.Build.0 = Release|Any CPU
		{8B6EFD6D-027E-492E-AABC-3B30BB6F146B}.Debug|Any CPU.ActiveCfg = Debug|Any CPU
		{8B6EFD6D-027E-492E-AABC-3B30BB6F146B}.Debug|Any CPU.Build.0 = Debug|Any CPU
		{8B6EFD6D-027E-492E-AABC-3B30BB6F146B}.Release|Any CPU.ActiveCfg = Release|Any CPU
		{8B6EFD6D-027E-492E-AABC-3B30BB6F146B}.Release|Any CPU.Build.0 = Release|Any CPU
		{03E6E9DB-8D02-4B7A-903B-287906E18349}.Debug|Any CPU.ActiveCfg = Debug|Any CPU
		{03E6E9DB-8D02-4B7A-903B-287906E18349}.Debug|Any CPU.Build.0 = Debug|Any CPU
		{03E6E9DB-8D02-4B7A-903B-287906E18349}.Release|Any CPU.ActiveCfg = Release|Any CPU
		{03E6E9DB-8D02-4B7A-903B-287906E18349}.Release|Any CPU.Build.0 = Release|Any CPU
		{B471CAFC-4725-4C44-A681-D98AF5EE81F2}.Debug|Any CPU.ActiveCfg = Debug|Any CPU
		{B471CAFC-4725-4C44-A681-D98AF5EE81F2}.Debug|Any CPU.Build.0 = Debug|Any CPU
		{B471CAFC-4725-4C44-A681-D98AF5EE81F2}.Release|Any CPU.ActiveCfg = Release|Any CPU
		{B471CAFC-4725-4C44-A681-D98AF5EE81F2}.Release|Any CPU.Build.0 = Release|Any CPU
		{02E202B2-471E-4858-8C74-E846A46E60CF}.Debug|Any CPU.ActiveCfg = Debug|Any CPU
		{02E202B2-471E-4858-8C74-E846A46E60CF}.Debug|Any CPU.Build.0 = Debug|Any CPU
		{02E202B2-471E-4858-8C74-E846A46E60CF}.Release|Any CPU.ActiveCfg = Release|Any CPU
		{02E202B2-471E-4858-8C74-E846A46E60CF}.Release|Any CPU.Build.0 = Release|Any CPU
		{504FD950-FE65-4174-9D65-F606610DF58D}.Debug|Any CPU.ActiveCfg = Debug|Any CPU
		{504FD950-FE65-4174-9D65-F606610DF58D}.Debug|Any CPU.Build.0 = Debug|Any CPU
		{504FD950-FE65-4174-9D65-F606610DF58D}.Release|Any CPU.ActiveCfg = Release|Any CPU
		{504FD950-FE65-4174-9D65-F606610DF58D}.Release|Any CPU.Build.0 = Release|Any CPU
		{48573DD3-D41F-4567-936A-E02BD8287438}.Debug|Any CPU.ActiveCfg = Debug|Any CPU
		{48573DD3-D41F-4567-936A-E02BD8287438}.Debug|Any CPU.Build.0 = Debug|Any CPU
		{48573DD3-D41F-4567-936A-E02BD8287438}.Release|Any CPU.ActiveCfg = Release|Any CPU
		{48573DD3-D41F-4567-936A-E02BD8287438}.Release|Any CPU.Build.0 = Release|Any CPU
	EndGlobalSection
	GlobalSection(SolutionProperties) = preSolution
		HideSolutionNode = FALSE
	EndGlobalSection
EndGlobal
