
Microsoft Visual Studio Solution File, Format Version 12.00
# Visual Studio 14
VisualStudioVersion = 14.0.23107.0
MinimumVisualStudioVersion = 10.0.40219.1
Project("{FAE04EC0-301F-11D3-BF4B-00C04F79EFBC}") = "HumanStudentAndWorker", "HumanStudentAndWorker\HumanStudentAndWorker.csproj", "{055E48EF-D001-4924-8BAB-4B4F1988E75E}"
EndProject
Project("{FAE04EC0-301F-11D3-BF4B-00C04F79EFBC}") = "Animals", "Animals\Animals.csproj", "{5AB6078B-CB3B-4592-851A-72CFD951E5A8}"
EndProject
Project("{FAE04EC0-301F-11D3-BF4B-00C04F79EFBC}") = "CompanyHierarchy", "CompanyHierarchy\CompanyHierarchy.csproj", "{E2E8CF21-E133-4B4C-A5A3-1E967510797A}"
EndProject
Global
	GlobalSection(SolutionConfigurationPlatforms) = preSolution
		Debug|Any CPU = Debug|Any CPU
		Release|Any CPU = Release|Any CPU
	EndGlobalSection
	GlobalSection(ProjectConfigurationPlatforms) = postSolution
		{055E48EF-D001-4924-8BAB-4B4F1988E75E}.Debug|Any CPU.ActiveCfg = Debug|Any CPU
		{055E48EF-D001-4924-8BAB-4B4F1988E75E}.Debug|Any CPU.Build.0 = Debug|Any CPU
		{055E48EF-D001-4924-8BAB-4B4F1988E75E}.Release|Any CPU.ActiveCfg = Release|Any CPU
		{055E48EF-D001-4924-8BAB-4B4F1988E75E}.Release|Any CPU.Build.0 = Release|Any CPU
		{5AB6078B-CB3B-4592-851A-72CFD951E5A8}.Debug|Any CPU.ActiveCfg = Debug|Any CPU
		{5AB6078B-CB3B-4592-851A-72CFD951E5A8}.Debug|Any CPU.Build.0 = Debug|Any CPU
		{5AB6078B-CB3B-4592-851A-72CFD951E5A8}.Release|Any CPU.ActiveCfg = Release|Any CPU
		{5AB6078B-CB3B-4592-851A-72CFD951E5A8}.Release|Any CPU.Build.0 = Release|Any CPU
		{E2E8CF21-E133-4B4C-A5A3-1E967510797A}.Debug|Any CPU.ActiveCfg = Debug|Any CPU
		{E2E8CF21-E133-4B4C-A5A3-1E967510797A}.Debug|Any CPU.Build.0 = Debug|Any CPU
		{E2E8CF21-E133-4B4C-A5A3-1E967510797A}.Release|Any CPU.ActiveCfg = Release|Any CPU
		{E2E8CF21-E133-4B4C-A5A3-1E967510797A}.Release|Any CPU.Build.0 = Release|Any CPU
	EndGlobalSection
	GlobalSection(SolutionProperties) = preSolution
		HideSolutionNode = FALSE
	EndGlobalSection
EndGlobal
