
Microsoft Visual Studio Solution File, Format Version 12.00
# Visual Studio 2013
VisualStudioVersion = 12.0.21005.1
MinimumVisualStudioVersion = 10.0.40219.1
Project("{FAE04EC0-301F-11D3-BF4B-00C04F79EFBC}") = "01.Declare_Variables", "01.Declare_Variables\01.Declare_Variables.csproj", "{F3D1DBF2-1527-4E90-83E7-1D1DC2ECA1B7}"
EndProject
Project("{FAE04EC0-301F-11D3-BF4B-00C04F79EFBC}") = "02.FloatOrDouble", "02.FloatOrDouble\02.FloatOrDouble.csproj", "{8635FAE3-6CFF-4494-90C3-F7FF89482B4C}"
EndProject
Project("{FAE04EC0-301F-11D3-BF4B-00C04F79EFBC}") = "03.VariableInHexadecimalFormat", "03.VariableInHexadecimalFormat\03.VariableInHexadecimalFormat.csproj", "{070EB6E0-2556-4A60-A098-1DF5833B204B}"
EndProject
Project("{FAE04EC0-301F-11D3-BF4B-00C04F79EFBC}") = "04.UnicodeCharacter", "04.UnicodeCharacter\04.UnicodeCharacter.csproj", "{DFB72DC7-424B-4F8F-93E2-D5E8B5AEA045}"
EndProject
Project("{FAE04EC0-301F-11D3-BF4B-00C04F79EFBC}") = "05.BooleanVariable", "05.BooleanVariable\05.BooleanVariable.csproj", "{CEDC0CCC-A521-4AFB-B533-0F74EF63A8EC}"
EndProject
Project("{FAE04EC0-301F-11D3-BF4B-00C04F79EFBC}") = "06.StringsAndObjects", "06.StringsAndObjects\06.StringsAndObjects.csproj", "{743A6395-78F8-49AA-B431-7CC2FF6694B3}"
EndProject
Project("{FAE04EC0-301F-11D3-BF4B-00C04F79EFBC}") = "07.QuotesInStrings", "07.QuotesInStrings\07.QuotesInStrings.csproj", "{58F8B5C5-16AA-42A4-8790-972669FF3131}"
EndProject
Project("{FAE04EC0-301F-11D3-BF4B-00C04F79EFBC}") = "08.IsoscelesTriangle", "08.IsoscelesTriangle\08.IsoscelesTriangle.csproj", "{41E06AE4-2935-4BFC-AD99-4A40527AA623}"
EndProject
Project("{FAE04EC0-301F-11D3-BF4B-00C04F79EFBC}") = "09.ExchangeVariableValues", "09.ExchangeVariableValues\09.ExchangeVariableValues.csproj", "{18D1D62E-0643-436E-8D5F-7E65C067FB41}"
EndProject
Project("{FAE04EC0-301F-11D3-BF4B-00C04F79EFBC}") = "10.EmployeeData", "10.EmployeeData\10.EmployeeData.csproj", "{7D696C49-2D50-4208-8F7F-19FCD891405E}"
EndProject
Project("{FAE04EC0-301F-11D3-BF4B-00C04F79EFBC}") = "11.BankAccountData", "11.BankAccountData\11.BankAccountData.csproj", "{C271CECF-20DA-4963-8143-43804A3A0A88}"
EndProject
Project("{FAE04EC0-301F-11D3-BF4B-00C04F79EFBC}") = "12.NullValuesArithmetic", "12.NullValuesArithmetic\12.NullValuesArithmetic.csproj", "{6744F50A-FC49-43CB-846A-12F8ED048955}"
EndProject
Project("{FAE04EC0-301F-11D3-BF4B-00C04F79EFBC}") = "13.ComparingFloats", "13.ComparingFloats\13.ComparingFloats.csproj", "{CE73B489-6B26-4D44-AA2E-CA027D869DEB}"
EndProject
Project("{FAE04EC0-301F-11D3-BF4B-00C04F79EFBC}") = "14.PrintTheASCIITable", "14.PrintTheASCIITable\14.PrintTheASCIITable.csproj", "{636FC5C9-B8EE-4A48-95D1-E4B036D98D65}"
EndProject
Global
	GlobalSection(SolutionConfigurationPlatforms) = preSolution
		Debug|Any CPU = Debug|Any CPU
		Release|Any CPU = Release|Any CPU
	EndGlobalSection
	GlobalSection(ProjectConfigurationPlatforms) = postSolution
		{F3D1DBF2-1527-4E90-83E7-1D1DC2ECA1B7}.Debug|Any CPU.ActiveCfg = Debug|Any CPU
		{F3D1DBF2-1527-4E90-83E7-1D1DC2ECA1B7}.Debug|Any CPU.Build.0 = Debug|Any CPU
		{F3D1DBF2-1527-4E90-83E7-1D1DC2ECA1B7}.Release|Any CPU.ActiveCfg = Release|Any CPU
		{F3D1DBF2-1527-4E90-83E7-1D1DC2ECA1B7}.Release|Any CPU.Build.0 = Release|Any CPU
		{8635FAE3-6CFF-4494-90C3-F7FF89482B4C}.Debug|Any CPU.ActiveCfg = Debug|Any CPU
		{8635FAE3-6CFF-4494-90C3-F7FF89482B4C}.Debug|Any CPU.Build.0 = Debug|Any CPU
		{8635FAE3-6CFF-4494-90C3-F7FF89482B4C}.Release|Any CPU.ActiveCfg = Release|Any CPU
		{8635FAE3-6CFF-4494-90C3-F7FF89482B4C}.Release|Any CPU.Build.0 = Release|Any CPU
		{070EB6E0-2556-4A60-A098-1DF5833B204B}.Debug|Any CPU.ActiveCfg = Debug|Any CPU
		{070EB6E0-2556-4A60-A098-1DF5833B204B}.Debug|Any CPU.Build.0 = Debug|Any CPU
		{070EB6E0-2556-4A60-A098-1DF5833B204B}.Release|Any CPU.ActiveCfg = Release|Any CPU
		{070EB6E0-2556-4A60-A098-1DF5833B204B}.Release|Any CPU.Build.0 = Release|Any CPU
		{DFB72DC7-424B-4F8F-93E2-D5E8B5AEA045}.Debug|Any CPU.ActiveCfg = Debug|Any CPU
		{DFB72DC7-424B-4F8F-93E2-D5E8B5AEA045}.Debug|Any CPU.Build.0 = Debug|Any CPU
		{DFB72DC7-424B-4F8F-93E2-D5E8B5AEA045}.Release|Any CPU.ActiveCfg = Release|Any CPU
		{DFB72DC7-424B-4F8F-93E2-D5E8B5AEA045}.Release|Any CPU.Build.0 = Release|Any CPU
		{CEDC0CCC-A521-4AFB-B533-0F74EF63A8EC}.Debug|Any CPU.ActiveCfg = Debug|Any CPU
		{CEDC0CCC-A521-4AFB-B533-0F74EF63A8EC}.Debug|Any CPU.Build.0 = Debug|Any CPU
		{CEDC0CCC-A521-4AFB-B533-0F74EF63A8EC}.Release|Any CPU.ActiveCfg = Release|Any CPU
		{CEDC0CCC-A521-4AFB-B533-0F74EF63A8EC}.Release|Any CPU.Build.0 = Release|Any CPU
		{743A6395-78F8-49AA-B431-7CC2FF6694B3}.Debug|Any CPU.ActiveCfg = Debug|Any CPU
		{743A6395-78F8-49AA-B431-7CC2FF6694B3}.Debug|Any CPU.Build.0 = Debug|Any CPU
		{743A6395-78F8-49AA-B431-7CC2FF6694B3}.Release|Any CPU.ActiveCfg = Release|Any CPU
		{743A6395-78F8-49AA-B431-7CC2FF6694B3}.Release|Any CPU.Build.0 = Release|Any CPU
		{58F8B5C5-16AA-42A4-8790-972669FF3131}.Debug|Any CPU.ActiveCfg = Debug|Any CPU
		{58F8B5C5-16AA-42A4-8790-972669FF3131}.Debug|Any CPU.Build.0 = Debug|Any CPU
		{58F8B5C5-16AA-42A4-8790-972669FF3131}.Release|Any CPU.ActiveCfg = Release|Any CPU
		{58F8B5C5-16AA-42A4-8790-972669FF3131}.Release|Any CPU.Build.0 = Release|Any CPU
		{41E06AE4-2935-4BFC-AD99-4A40527AA623}.Debug|Any CPU.ActiveCfg = Debug|Any CPU
		{41E06AE4-2935-4BFC-AD99-4A40527AA623}.Debug|Any CPU.Build.0 = Debug|Any CPU
		{41E06AE4-2935-4BFC-AD99-4A40527AA623}.Release|Any CPU.ActiveCfg = Release|Any CPU
		{41E06AE4-2935-4BFC-AD99-4A40527AA623}.Release|Any CPU.Build.0 = Release|Any CPU
		{18D1D62E-0643-436E-8D5F-7E65C067FB41}.Debug|Any CPU.ActiveCfg = Debug|Any CPU
		{18D1D62E-0643-436E-8D5F-7E65C067FB41}.Debug|Any CPU.Build.0 = Debug|Any CPU
		{18D1D62E-0643-436E-8D5F-7E65C067FB41}.Release|Any CPU.ActiveCfg = Release|Any CPU
		{18D1D62E-0643-436E-8D5F-7E65C067FB41}.Release|Any CPU.Build.0 = Release|Any CPU
		{7D696C49-2D50-4208-8F7F-19FCD891405E}.Debug|Any CPU.ActiveCfg = Debug|Any CPU
		{7D696C49-2D50-4208-8F7F-19FCD891405E}.Debug|Any CPU.Build.0 = Debug|Any CPU
		{7D696C49-2D50-4208-8F7F-19FCD891405E}.Release|Any CPU.ActiveCfg = Release|Any CPU
		{7D696C49-2D50-4208-8F7F-19FCD891405E}.Release|Any CPU.Build.0 = Release|Any CPU
		{C271CECF-20DA-4963-8143-43804A3A0A88}.Debug|Any CPU.ActiveCfg = Debug|Any CPU
		{C271CECF-20DA-4963-8143-43804A3A0A88}.Debug|Any CPU.Build.0 = Debug|Any CPU
		{C271CECF-20DA-4963-8143-43804A3A0A88}.Release|Any CPU.ActiveCfg = Release|Any CPU
		{C271CECF-20DA-4963-8143-43804A3A0A88}.Release|Any CPU.Build.0 = Release|Any CPU
		{6744F50A-FC49-43CB-846A-12F8ED048955}.Debug|Any CPU.ActiveCfg = Debug|Any CPU
		{6744F50A-FC49-43CB-846A-12F8ED048955}.Debug|Any CPU.Build.0 = Debug|Any CPU
		{6744F50A-FC49-43CB-846A-12F8ED048955}.Release|Any CPU.ActiveCfg = Release|Any CPU
		{6744F50A-FC49-43CB-846A-12F8ED048955}.Release|Any CPU.Build.0 = Release|Any CPU
		{CE73B489-6B26-4D44-AA2E-CA027D869DEB}.Debug|Any CPU.ActiveCfg = Debug|Any CPU
		{CE73B489-6B26-4D44-AA2E-CA027D869DEB}.Debug|Any CPU.Build.0 = Debug|Any CPU
		{CE73B489-6B26-4D44-AA2E-CA027D869DEB}.Release|Any CPU.ActiveCfg = Release|Any CPU
		{CE73B489-6B26-4D44-AA2E-CA027D869DEB}.Release|Any CPU.Build.0 = Release|Any CPU
		{636FC5C9-B8EE-4A48-95D1-E4B036D98D65}.Debug|Any CPU.ActiveCfg = Debug|Any CPU
		{636FC5C9-B8EE-4A48-95D1-E4B036D98D65}.Debug|Any CPU.Build.0 = Debug|Any CPU
		{636FC5C9-B8EE-4A48-95D1-E4B036D98D65}.Release|Any CPU.ActiveCfg = Release|Any CPU
		{636FC5C9-B8EE-4A48-95D1-E4B036D98D65}.Release|Any CPU.Build.0 = Release|Any CPU
	EndGlobalSection
	GlobalSection(SolutionProperties) = preSolution
		HideSolutionNode = FALSE
	EndGlobalSection
EndGlobal
